
Microsoft Visual Studio Solution File, Format Version 12.00
Project("{FAE04EC0-301F-11D3-BF4B-00C04F79EFBC}") = "TestContainerSample.Tests", "TestContainerSample.Tests\TestContainerSample.Tests.csproj", "{913BB5DA-1D28-4473-BD04-D80236138338}"
EndProject
Global
	GlobalSection(SolutionConfigurationPlatforms) = preSolution
		Debug|Any CPU = Debug|Any CPU
		Release|Any CPU = Release|Any CPU
	EndGlobalSection
	GlobalSection(ProjectConfigurationPlatforms) = postSolution
		{913BB5DA-1D28-4473-BD04-D80236138338}.Debug|Any CPU.ActiveCfg = Debug|Any CPU
		{913BB5DA-1D28-4473-BD04-D80236138338}.Debug|Any CPU.Build.0 = Debug|Any CPU
		{913BB5DA-1D28-4473-BD04-D80236138338}.Release|Any CPU.ActiveCfg = Release|Any CPU
		{913BB5DA-1D28-4473-BD04-D80236138338}.Release|Any CPU.Build.0 = Release|Any CPU
	EndGlobalSection
EndGlobal
